// !$*UTF8*$!
{
	archiveVersion = 1;
	classes = {
	};
	objectVersion = 46;
	objects = {

/* Begin PBXBuildFile section */
		B120E2281DA9E72800921288 /* AppDelegate.swift in Sources */ = {isa = PBXBuildFile; fileRef = B120E2271DA9E72800921288 /* AppDelegate.swift */; };
		B120E22F1DA9E72800921288 /* Assets.xcassets in Resources */ = {isa = PBXBuildFile; fileRef = B120E22E1DA9E72800921288 /* Assets.xcassets */; };
		B120E2321DA9E72800921288 /* LaunchScreen.storyboard in Resources */ = {isa = PBXBuildFile; fileRef = B120E2301DA9E72800921288 /* LaunchScreen.storyboard */; };
		B120E2561DA9E99300921288 /* RankListTableViewController.swift in Sources */ = {isa = PBXBuildFile; fileRef = B120E2551DA9E99300921288 /* RankListTableViewController.swift */; };
		B17E03C91DB095B90061DD47 /* Book.swift in Sources */ = {isa = PBXBuildFile; fileRef = B17E03C11DB095B90061DD47 /* Book.swift */; };
		B17E03CB1DB098350061DD47 /* MainViewController.swift in Sources */ = {isa = PBXBuildFile; fileRef = B17E03CA1DB098350061DD47 /* MainViewController.swift */; };
		B17E03CD1DB0984E0061DD47 /* BaseViewController.swift in Sources */ = {isa = PBXBuildFile; fileRef = B17E03CC1DB0984E0061DD47 /* BaseViewController.swift */; };
		B17E03CF1DB0987A0061DD47 /* NavigationViewController.swift in Sources */ = {isa = PBXBuildFile; fileRef = B17E03CE1DB0987A0061DD47 /* NavigationViewController.swift */; };
		B17E03D11DB098CF0061DD47 /* RankViewController.swift in Sources */ = {isa = PBXBuildFile; fileRef = B17E03D01DB098CF0061DD47 /* RankViewController.swift */; };
		B17E03D31DB098E00061DD47 /* RecommendViewController.swift in Sources */ = {isa = PBXBuildFile; fileRef = B17E03D21DB098E00061DD47 /* RecommendViewController.swift */; };
		B17E03D51DB098F20061DD47 /* HotViewController.swift in Sources */ = {isa = PBXBuildFile; fileRef = B17E03D41DB098F20061DD47 /* HotViewController.swift */; };
		B17E03D81DB099380061DD47 /* BookshelfViewController.swift in Sources */ = {isa = PBXBuildFile; fileRef = B17E03D71DB099380061DD47 /* BookshelfViewController.swift */; };
		B17E03DB1DB09B830061DD47 /* Bundle+Extensions.swift in Sources */ = {isa = PBXBuildFile; fileRef = B17E03DA1DB09B830061DD47 /* Bundle+Extensions.swift */; };
/* End PBXBuildFile section */

/* Begin PBXContainerItemProxy section */
		B120E2391DA9E72800921288 /* PBXContainerItemProxy */ = {
			isa = PBXContainerItemProxy;
			containerPortal = B120E21C1DA9E72800921288 /* Project object */;
			proxyType = 1;
			remoteGlobalIDString = B120E2231DA9E72800921288;
			remoteInfo = "小说搜索阅读";
		};
		B120E2441DA9E72800921288 /* PBXContainerItemProxy */ = {
			isa = PBXContainerItemProxy;
			containerPortal = B120E21C1DA9E72800921288 /* Project object */;
			proxyType = 1;
			remoteGlobalIDString = B120E2231DA9E72800921288;
			remoteInfo = "小说搜索阅读";
		};
/* End PBXContainerItemProxy section */

/* Begin PBXFileReference section */
		B120E2241DA9E72800921288 /* 小说搜索阅读.app */ = {isa = PBXFileReference; explicitFileType = wrapper.application; includeInIndex = 0; path = "小说搜索阅读.app"; sourceTree = BUILT_PRODUCTS_DIR; };
		B120E2271DA9E72800921288 /* AppDelegate.swift */ = {isa = PBXFileReference; lastKnownFileType = sourcecode.swift; path = AppDelegate.swift; sourceTree = "<group>"; };
		B120E22E1DA9E72800921288 /* Assets.xcassets */ = {isa = PBXFileReference; lastKnownFileType = folder.assetcatalog; path = Assets.xcassets; sourceTree = "<group>"; };
		B120E2311DA9E72800921288 /* Base */ = {isa = PBXFileReference; lastKnownFileType = file.storyboard; name = Base; path = Base.lproj/LaunchScreen.storyboard; sourceTree = "<group>"; };
		B120E2331DA9E72800921288 /* Info.plist */ = {isa = PBXFileReference; lastKnownFileType = text.plist.xml; path = Info.plist; sourceTree = "<group>"; };
		B120E2381DA9E72800921288 /* 小说搜索阅读Tests.xctest */ = {isa = PBXFileReference; explicitFileType = wrapper.cfbundle; includeInIndex = 0; path = "小说搜索阅读Tests.xctest"; sourceTree = BUILT_PRODUCTS_DIR; };
		B120E2431DA9E72800921288 /* 小说搜索阅读UITests.xctest */ = {isa = PBXFileReference; explicitFileType = wrapper.cfbundle; includeInIndex = 0; path = "小说搜索阅读UITests.xctest"; sourceTree = BUILT_PRODUCTS_DIR; };
		B120E2551DA9E99300921288 /* RankListTableViewController.swift */ = {isa = PBXFileReference; fileEncoding = 4; lastKnownFileType = sourcecode.swift; path = RankListTableViewController.swift; sourceTree = "<group>"; };
		B17E03C11DB095B90061DD47 /* Book.swift */ = {isa = PBXFileReference; fileEncoding = 4; lastKnownFileType = sourcecode.swift; path = Book.swift; sourceTree = "<group>"; };
		B17E03CA1DB098350061DD47 /* MainViewController.swift */ = {isa = PBXFileReference; fileEncoding = 4; lastKnownFileType = sourcecode.swift; path = MainViewController.swift; sourceTree = "<group>"; };
		B17E03CC1DB0984E0061DD47 /* BaseViewController.swift */ = {isa = PBXFileReference; fileEncoding = 4; lastKnownFileType = sourcecode.swift; path = BaseViewController.swift; sourceTree = "<group>"; };
		B17E03CE1DB0987A0061DD47 /* NavigationViewController.swift */ = {isa = PBXFileReference; fileEncoding = 4; lastKnownFileType = sourcecode.swift; path = NavigationViewController.swift; sourceTree = "<group>"; };
		B17E03D01DB098CF0061DD47 /* RankViewController.swift */ = {isa = PBXFileReference; fileEncoding = 4; lastKnownFileType = sourcecode.swift; path = RankViewController.swift; sourceTree = "<group>"; };
		B17E03D21DB098E00061DD47 /* RecommendViewController.swift */ = {isa = PBXFileReference; fileEncoding = 4; lastKnownFileType = sourcecode.swift; path = RecommendViewController.swift; sourceTree = "<group>"; };
		B17E03D41DB098F20061DD47 /* HotViewController.swift */ = {isa = PBXFileReference; fileEncoding = 4; lastKnownFileType = sourcecode.swift; path = HotViewController.swift; sourceTree = "<group>"; };
		B17E03D71DB099380061DD47 /* BookshelfViewController.swift */ = {isa = PBXFileReference; fileEncoding = 4; lastKnownFileType = sourcecode.swift; path = BookshelfViewController.swift; sourceTree = "<group>"; };
		B17E03DA1DB09B830061DD47 /* Bundle+Extensions.swift */ = {isa = PBXFileReference; fileEncoding = 4; lastKnownFileType = sourcecode.swift; path = "Bundle+Extensions.swift"; sourceTree = "<group>"; };
/* End PBXFileReference section */

/* Begin PBXFrameworksBuildPhase section */
		B120E2211DA9E72800921288 /* Frameworks */ = {
			isa = PBXFrameworksBuildPhase;
			buildActionMask = 2147483647;
			files = (
			);
			runOnlyForDeploymentPostprocessing = 0;
		};
		B120E2351DA9E72800921288 /* Frameworks */ = {
			isa = PBXFrameworksBuildPhase;
			buildActionMask = 2147483647;
			files = (
			);
			runOnlyForDeploymentPostprocessing = 0;
		};
		B120E2401DA9E72800921288 /* Frameworks */ = {
			isa = PBXFrameworksBuildPhase;
			buildActionMask = 2147483647;
			files = (
			);
			runOnlyForDeploymentPostprocessing = 0;
		};
/* End PBXFrameworksBuildPhase section */

/* Begin PBXGroup section */
		B120E21B1DA9E72800921288 = {
			isa = PBXGroup;
			children = (
				B120E2261DA9E72800921288 /* 小说搜索阅读 */,
				B120E2251DA9E72800921288 /* Products */,
			);
			sourceTree = "<group>";
		};
		B120E2251DA9E72800921288 /* Products */ = {
			isa = PBXGroup;
			children = (
				B120E2241DA9E72800921288 /* 小说搜索阅读.app */,
				B120E2381DA9E72800921288 /* 小说搜索阅读Tests.xctest */,
				B120E2431DA9E72800921288 /* 小说搜索阅读UITests.xctest */,
			);
			name = Products;
			sourceTree = "<group>";
		};
		B120E2261DA9E72800921288 /* 小说搜索阅读 */ = {
			isa = PBXGroup;
			children = (
				B17E03C01DB095B90061DD47 /* Model */,
				B17E03C31DB095B90061DD47 /* View */,
				B17E03C81DB095B90061DD47 /* ViewModel */,
				B120E2271DA9E72800921288 /* AppDelegate.swift */,
				B120E22E1DA9E72800921288 /* Assets.xcassets */,
				B120E2301DA9E72800921288 /* LaunchScreen.storyboard */,
				B120E2331DA9E72800921288 /* Info.plist */,
				B120E2551DA9E99300921288 /* RankListTableViewController.swift */,
				B17E03C21DB095B90061DD47 /* Tools */,
			);
			path = "小说搜索阅读";
			sourceTree = "<group>";
		};
		B17E03C01DB095B90061DD47 /* Model */ = {
			isa = PBXGroup;
			children = (
				B17E03C11DB095B90061DD47 /* Book.swift */,
			);
			path = Model;
			sourceTree = "<group>";
		};
		B17E03C21DB095B90061DD47 /* Tools */ = {
			isa = PBXGroup;
			children = (
				B17E03D91DB09B3C0061DD47 /* Extensions */,
			);
			path = Tools;
			sourceTree = "<group>";
		};
		B17E03C31DB095B90061DD47 /* View */ = {
			isa = PBXGroup;
			children = (
				B17E03C51DB095B90061DD47 /* Main */,
				B17E03D61DB099120061DD47 /* Bookshelf */,
				B17E03C61DB095B90061DD47 /* Rank */,
				B17E03C71DB095B90061DD47 /* Recommend */,
				B17E03C41DB095B90061DD47 /* Hot */,
			);
			path = View;
			sourceTree = "<group>";
		};
		B17E03C41DB095B90061DD47 /* Hot */ = {
			isa = PBXGroup;
			children = (
				B17E03D41DB098F20061DD47 /* HotViewController.swift */,
			);
			path = Hot;
			sourceTree = "<group>";
		};
		B17E03C51DB095B90061DD47 /* Main */ = {
			isa = PBXGroup;
			children = (
				B17E03CA1DB098350061DD47 /* MainViewController.swift */,
				B17E03CC1DB0984E0061DD47 /* BaseViewController.swift */,
				B17E03CE1DB0987A0061DD47 /* NavigationViewController.swift */,
			);
			path = Main;
			sourceTree = "<group>";
		};
		B17E03C61DB095B90061DD47 /* Rank */ = {
			isa = PBXGroup;
			children = (
				B17E03D01DB098CF0061DD47 /* RankViewController.swift */,
			);
			path = Rank;
			sourceTree = "<group>";
		};
		B17E03C71DB095B90061DD47 /* Recommend */ = {
			isa = PBXGroup;
			children = (
				B17E03D21DB098E00061DD47 /* RecommendViewController.swift */,
			);
			path = Recommend;
			sourceTree = "<group>";
		};
		B17E03C81DB095B90061DD47 /* ViewModel */ = {
			isa = PBXGroup;
			children = (
			);
			path = ViewModel;
			sourceTree = "<group>";
		};
		B17E03D61DB099120061DD47 /* Bookshelf */ = {
			isa = PBXGroup;
			children = (
				B17E03D71DB099380061DD47 /* BookshelfViewController.swift */,
			);
			path = Bookshelf;
			sourceTree = "<group>";
		};
		B17E03D91DB09B3C0061DD47 /* Extensions */ = {
			isa = PBXGroup;
			children = (
				B17E03DA1DB09B830061DD47 /* Bundle+Extensions.swift */,
			);
			path = Extensions;
			sourceTree = "<group>";
		};
/* End PBXGroup section */

/* Begin PBXNativeTarget section */
		B120E2231DA9E72800921288 /* 小说搜索阅读 */ = {
			isa = PBXNativeTarget;
			buildConfigurationList = B120E24C1DA9E72800921288 /* Build configuration list for PBXNativeTarget "小说搜索阅读" */;
			buildPhases = (
				B120E2201DA9E72800921288 /* Sources */,
				B120E2211DA9E72800921288 /* Frameworks */,
				B120E2221DA9E72800921288 /* Resources */,
			);
			buildRules = (
			);
			dependencies = (
			);
			name = "小说搜索阅读";
			productName = "小说搜索阅读";
			productReference = B120E2241DA9E72800921288 /* 小说搜索阅读.app */;
			productType = "com.apple.product-type.application";
		};
		B120E2371DA9E72800921288 /* 小说搜索阅读Tests */ = {
			isa = PBXNativeTarget;
			buildConfigurationList = B120E24F1DA9E72800921288 /* Build configuration list for PBXNativeTarget "小说搜索阅读Tests" */;
			buildPhases = (
				B120E2341DA9E72800921288 /* Sources */,
				B120E2351DA9E72800921288 /* Frameworks */,
				B120E2361DA9E72800921288 /* Resources */,
			);
			buildRules = (
			);
			dependencies = (
				B120E23A1DA9E72800921288 /* PBXTargetDependency */,
			);
			name = "小说搜索阅读Tests";
			productName = "小说搜索阅读Tests";
			productReference = B120E2381DA9E72800921288 /* 小说搜索阅读Tests.xctest */;
			productType = "com.apple.product-type.bundle.unit-test";
		};
		B120E2421DA9E72800921288 /* 小说搜索阅读UITests */ = {
			isa = PBXNativeTarget;
			buildConfigurationList = B120E2521DA9E72800921288 /* Build configuration list for PBXNativeTarget "小说搜索阅读UITests" */;
			buildPhases = (
				B120E23F1DA9E72800921288 /* Sources */,
				B120E2401DA9E72800921288 /* Frameworks */,
				B120E2411DA9E72800921288 /* Resources */,
			);
			buildRules = (
			);
			dependencies = (
				B120E2451DA9E72800921288 /* PBXTargetDependency */,
			);
			name = "小说搜索阅读UITests";
			productName = "小说搜索阅读UITests";
			productReference = B120E2431DA9E72800921288 /* 小说搜索阅读UITests.xctest */;
			productType = "com.apple.product-type.bundle.ui-testing";
		};
/* End PBXNativeTarget section */

/* Begin PBXProject section */
		B120E21C1DA9E72800921288 /* Project object */ = {
			isa = PBXProject;
			attributes = {
				LastSwiftUpdateCheck = 0800;
				LastUpgradeCheck = 0800;
				ORGANIZATIONNAME = "Ruobin Dang";
				TargetAttributes = {
					B120E2231DA9E72800921288 = {
						CreatedOnToolsVersion = 8.0;
						DevelopmentTeam = Z532NADQBJ;
						ProvisioningStyle = Automatic;
					};
					B120E2371DA9E72800921288 = {
						CreatedOnToolsVersion = 8.0;
						DevelopmentTeam = Z532NADQBJ;
						ProvisioningStyle = Automatic;
						TestTargetID = B120E2231DA9E72800921288;
					};
					B120E2421DA9E72800921288 = {
						CreatedOnToolsVersion = 8.0;
						DevelopmentTeam = Z532NADQBJ;
						ProvisioningStyle = Automatic;
						TestTargetID = B120E2231DA9E72800921288;
					};
				};
			};
			buildConfigurationList = B120E21F1DA9E72800921288 /* Build configuration list for PBXProject "小说搜索阅读" */;
			compatibilityVersion = "Xcode 3.2";
			developmentRegion = English;
			hasScannedForEncodings = 0;
			knownRegions = (
				en,
				Base,
			);
			mainGroup = B120E21B1DA9E72800921288;
			productRefGroup = B120E2251DA9E72800921288 /* Products */;
			projectDirPath = "";
			projectRoot = "";
			targets = (
				B120E2231DA9E72800921288 /* 小说搜索阅读 */,
				B120E2371DA9E72800921288 /* 小说搜索阅读Tests */,
				B120E2421DA9E72800921288 /* 小说搜索阅读UITests */,
			);
		};
/* End PBXProject section */

/* Begin PBXResourcesBuildPhase section */
		B120E2221DA9E72800921288 /* Resources */ = {
			isa = PBXResourcesBuildPhase;
			buildActionMask = 2147483647;
			files = (
				B120E2321DA9E72800921288 /* LaunchScreen.storyboard in Resources */,
				B120E22F1DA9E72800921288 /* Assets.xcassets in Resources */,
			);
			runOnlyForDeploymentPostprocessing = 0;
		};
		B120E2361DA9E72800921288 /* Resources */ = {
			isa = PBXResourcesBuildPhase;
			buildActionMask = 2147483647;
			files = (
			);
			runOnlyForDeploymentPostprocessing = 0;
		};
		B120E2411DA9E72800921288 /* Resources */ = {
			isa = PBXResourcesBuildPhase;
			buildActionMask = 2147483647;
			files = (
			);
			runOnlyForDeploymentPostprocessing = 0;
		};
/* End PBXResourcesBuildPhase section */

/* Begin PBXSourcesBuildPhase section */
		B120E2201DA9E72800921288 /* Sources */ = {
			isa = PBXSourcesBuildPhase;
			buildActionMask = 2147483647;
			files = (
				B17E03CF1DB0987A0061DD47 /* NavigationViewController.swift in Sources */,
				B17E03D31DB098E00061DD47 /* RecommendViewController.swift in Sources */,
				B17E03DB1DB09B830061DD47 /* Bundle+Extensions.swift in Sources */,
				B17E03CD1DB0984E0061DD47 /* BaseViewController.swift in Sources */,
				B17E03D51DB098F20061DD47 /* HotViewController.swift in Sources */,
				B17E03D11DB098CF0061DD47 /* RankViewController.swift in Sources */,
				B17E03C91DB095B90061DD47 /* Book.swift in Sources */,
				B17E03D81DB099380061DD47 /* BookshelfViewController.swift in Sources */,
				B120E2281DA9E72800921288 /* AppDelegate.swift in Sources */,
				B120E2561DA9E99300921288 /* RankListTableViewController.swift in Sources */,
				B17E03CB1DB098350061DD47 /* MainViewController.swift in Sources */,
			);
			runOnlyForDeploymentPostprocessing = 0;
		};
		B120E2341DA9E72800921288 /* Sources */ = {
			isa = PBXSourcesBuildPhase;
			buildActionMask = 2147483647;
			files = (
			);
			runOnlyForDeploymentPostprocessing = 0;
		};
		B120E23F1DA9E72800921288 /* Sources */ = {
			isa = PBXSourcesBuildPhase;
			buildActionMask = 2147483647;
			files = (
			);
			runOnlyForDeploymentPostprocessing = 0;
		};
/* End PBXSourcesBuildPhase section */

/* Begin PBXTargetDependency section */
		B120E23A1DA9E72800921288 /* PBXTargetDependency */ = {
			isa = PBXTargetDependency;
			target = B120E2231DA9E72800921288 /* 小说搜索阅读 */;
			targetProxy = B120E2391DA9E72800921288 /* PBXContainerItemProxy */;
		};
		B120E2451DA9E72800921288 /* PBXTargetDependency */ = {
			isa = PBXTargetDependency;
			target = B120E2231DA9E72800921288 /* 小说搜索阅读 */;
			targetProxy = B120E2441DA9E72800921288 /* PBXContainerItemProxy */;
		};
/* End PBXTargetDependency section */

/* Begin PBXVariantGroup section */
		B120E2301DA9E72800921288 /* LaunchScreen.storyboard */ = {
			isa = PBXVariantGroup;
			children = (
				B120E2311DA9E72800921288 /* Base */,
			);
			name = LaunchScreen.storyboard;
			sourceTree = "<group>";
		};
/* End PBXVariantGroup section */

/* Begin XCBuildConfiguration section */
		B120E24A1DA9E72800921288 /* Debug */ = {
			isa = XCBuildConfiguration;
			buildSettings = {
				ALWAYS_SEARCH_USER_PATHS = NO;
				CLANG_ANALYZER_NONNULL = YES;
				CLANG_CXX_LANGUAGE_STANDARD = "gnu++0x";
				CLANG_CXX_LIBRARY = "libc++";
				CLANG_ENABLE_MODULES = YES;
				CLANG_ENABLE_OBJC_ARC = YES;
				CLANG_WARN_BOOL_CONVERSION = YES;
				CLANG_WARN_CONSTANT_CONVERSION = YES;
				CLANG_WARN_DIRECT_OBJC_ISA_USAGE = YES_ERROR;
				CLANG_WARN_DOCUMENTATION_COMMENTS = YES;
				CLANG_WARN_EMPTY_BODY = YES;
				CLANG_WARN_ENUM_CONVERSION = YES;
				CLANG_WARN_INFINITE_RECURSION = YES;
				CLANG_WARN_INT_CONVERSION = YES;
				CLANG_WARN_OBJC_ROOT_CLASS = YES_ERROR;
				CLANG_WARN_SUSPICIOUS_MOVES = YES;
				CLANG_WARN_UNREACHABLE_CODE = YES;
				CLANG_WARN__DUPLICATE_METHOD_MATCH = YES;
				"CODE_SIGN_IDENTITY[sdk=iphoneos*]" = "iPhone Developer";
				COPY_PHASE_STRIP = NO;
				DEBUG_INFORMATION_FORMAT = dwarf;
				ENABLE_STRICT_OBJC_MSGSEND = YES;
				ENABLE_TESTABILITY = YES;
				GCC_C_LANGUAGE_STANDARD = gnu99;
				GCC_DYNAMIC_NO_PIC = NO;
				GCC_NO_COMMON_BLOCKS = YES;
				GCC_OPTIMIZATION_LEVEL = 0;
				GCC_PREPROCESSOR_DEFINITIONS = (
					"DEBUG=1",
					"$(inherited)",
				);
				GCC_WARN_64_TO_32_BIT_CONVERSION = YES;
				GCC_WARN_ABOUT_RETURN_TYPE = YES_ERROR;
				GCC_WARN_UNDECLARED_SELECTOR = YES;
				GCC_WARN_UNINITIALIZED_AUTOS = YES_AGGRESSIVE;
				GCC_WARN_UNUSED_FUNCTION = YES;
				GCC_WARN_UNUSED_VARIABLE = YES;
				IPHONEOS_DEPLOYMENT_TARGET = 10.0;
				MTL_ENABLE_DEBUG_INFO = YES;
				ONLY_ACTIVE_ARCH = YES;
				SDKROOT = iphoneos;
				SWIFT_ACTIVE_COMPILATION_CONDITIONS = DEBUG;
				SWIFT_OPTIMIZATION_LEVEL = "-Onone";
			};
			name = Debug;
		};
		B120E24B1DA9E72800921288 /* Release */ = {
			isa = XCBuildConfiguration;
			buildSettings = {
				ALWAYS_SEARCH_USER_PATHS = NO;
				CLANG_ANALYZER_NONNULL = YES;
				CLANG_CXX_LANGUAGE_STANDARD = "gnu++0x";
				CLANG_CXX_LIBRARY = "libc++";
				CLANG_ENABLE_MODULES = YES;
				CLANG_ENABLE_OBJC_ARC = YES;
				CLANG_WARN_BOOL_CONVERSION = YES;
				CLANG_WARN_CONSTANT_CONVERSION = YES;
				CLANG_WARN_DIRECT_OBJC_ISA_USAGE = YES_ERROR;
				CLANG_WARN_DOCUMENTATION_COMMENTS = YES;
				CLANG_WARN_EMPTY_BODY = YES;
				CLANG_WARN_ENUM_CONVERSION = YES;
				CLANG_WARN_INFINITE_RECURSION = YES;
				CLANG_WARN_INT_CONVERSION = YES;
				CLANG_WARN_OBJC_ROOT_CLASS = YES_ERROR;
				CLANG_WARN_SUSPICIOUS_MOVES = YES;
				CLANG_WARN_UNREACHABLE_CODE = YES;
				CLANG_WARN__DUPLICATE_METHOD_MATCH = YES;
				"CODE_SIGN_IDENTITY[sdk=iphoneos*]" = "iPhone Developer";
				COPY_PHASE_STRIP = NO;
				DEBUG_INFORMATION_FORMAT = "dwarf-with-dsym";
				ENABLE_NS_ASSERTIONS = NO;
				ENABLE_STRICT_OBJC_MSGSEND = YES;
				GCC_C_LANGUAGE_STANDARD = gnu99;
				GCC_NO_COMMON_BLOCKS = YES;
				GCC_WARN_64_TO_32_BIT_CONVERSION = YES;
				GCC_WARN_ABOUT_RETURN_TYPE = YES_ERROR;
				GCC_WARN_UNDECLARED_SELECTOR = YES;
				GCC_WARN_UNINITIALIZED_AUTOS = YES_AGGRESSIVE;
				GCC_WARN_UNUSED_FUNCTION = YES;
				GCC_WARN_UNUSED_VARIABLE = YES;
				IPHONEOS_DEPLOYMENT_TARGET = 10.0;
				MTL_ENABLE_DEBUG_INFO = NO;
				SDKROOT = iphoneos;
				SWIFT_OPTIMIZATION_LEVEL = "-Owholemodule";
				VALIDATE_PRODUCT = YES;
			};
			name = Release;
		};
		B120E24D1DA9E72800921288 /* Debug */ = {
			isa = XCBuildConfiguration;
			buildSettings = {
				ASSETCATALOG_COMPILER_APPICON_NAME = AppIcon;
				DEVELOPMENT_TEAM = Z532NADQBJ;
				INFOPLIST_FILE = "小说搜索阅读/Info.plist";
				IPHONEOS_DEPLOYMENT_TARGET = 8.0;
				LD_RUNPATH_SEARCH_PATHS = "$(inherited) @executable_path/Frameworks";
				PRODUCT_BUNDLE_IDENTIFIER = "com.ruobin.testapp.------";
				PRODUCT_NAME = "$(TARGET_NAME)";
				SWIFT_VERSION = 3.0;
			};
			name = Debug;
		};
		B120E24E1DA9E72800921288 /* Release */ = {
			isa = XCBuildConfiguration;
			buildSettings = {
				ASSETCATALOG_COMPILER_APPICON_NAME = AppIcon;
				DEVELOPMENT_TEAM = Z532NADQBJ;
				INFOPLIST_FILE = "小说搜索阅读/Info.plist";
				IPHONEOS_DEPLOYMENT_TARGET = 8.0;
				LD_RUNPATH_SEARCH_PATHS = "$(inherited) @executable_path/Frameworks";
				PRODUCT_BUNDLE_IDENTIFIER = "com.ruobin.testapp.------";
				PRODUCT_NAME = "$(TARGET_NAME)";
				SWIFT_VERSION = 3.0;
			};
			name = Release;
		};
		B120E2501DA9E72800921288 /* Debug */ = {
			isa = XCBuildConfiguration;
			buildSettings = {
				ALWAYS_EMBED_SWIFT_STANDARD_LIBRARIES = YES;
				BUNDLE_LOADER = "$(TEST_HOST)";
				DEVELOPMENT_TEAM = Z532NADQBJ;
				INFOPLIST_FILE = "小说搜索阅读Tests/Info.plist";
				LD_RUNPATH_SEARCH_PATHS = "$(inherited) @executable_path/Frameworks @loader_path/Frameworks";
				PRODUCT_BUNDLE_IDENTIFIER = "com.ruobin.testapp.------Tests";
				PRODUCT_NAME = "$(TARGET_NAME)";
				SWIFT_VERSION = 3.0;
				TEST_HOST = "$(BUILT_PRODUCTS_DIR)/小说搜索阅读.app/小说搜索阅读";
			};
			name = Debug;
		};
		B120E2511DA9E72800921288 /* Release */ = {
			isa = XCBuildConfiguration;
			buildSettings = {
				ALWAYS_EMBED_SWIFT_STANDARD_LIBRARIES = YES;
				BUNDLE_LOADER = "$(TEST_HOST)";
				DEVELOPMENT_TEAM = Z532NADQBJ;
				INFOPLIST_FILE = "小说搜索阅读Tests/Info.plist";
				LD_RUNPATH_SEARCH_PATHS = "$(inherited) @executable_path/Frameworks @loader_path/Frameworks";
				PRODUCT_BUNDLE_IDENTIFIER = "com.ruobin.testapp.------Tests";
				PRODUCT_NAME = "$(TARGET_NAME)";
				SWIFT_VERSION = 3.0;
				TEST_HOST = "$(BUILT_PRODUCTS_DIR)/小说搜索阅读.app/小说搜索阅读";
			};
			name = Release;
		};
		B120E2531DA9E72800921288 /* Debug */ = {
			isa = XCBuildConfiguration;
			buildSettings = {
				ALWAYS_EMBED_SWIFT_STANDARD_LIBRARIES = YES;
				DEVELOPMENT_TEAM = Z532NADQBJ;
				INFOPLIST_FILE = "小说搜索阅读UITests/Info.plist";
				LD_RUNPATH_SEARCH_PATHS = "$(inherited) @executable_path/Frameworks @loader_path/Frameworks";
				PRODUCT_BUNDLE_IDENTIFIER = "com.ruobin.testapp.------UITests";
				PRODUCT_NAME = "$(TARGET_NAME)";
				SWIFT_VERSION = 3.0;
				TEST_TARGET_NAME = "小说搜索阅读";
			};
			name = Debug;
		};
		B120E2541DA9E72800921288 /* Release */ = {
			isa = XCBuildConfiguration;
			buildSettings = {
				ALWAYS_EMBED_SWIFT_STANDARD_LIBRARIES = YES;
				DEVELOPMENT_TEAM = Z532NADQBJ;
				INFOPLIST_FILE = "小说搜索阅读UITests/Info.plist";
				LD_RUNPATH_SEARCH_PATHS = "$(inherited) @executable_path/Frameworks @loader_path/Frameworks";
				PRODUCT_BUNDLE_IDENTIFIER = "com.ruobin.testapp.------UITests";
				PRODUCT_NAME = "$(TARGET_NAME)";
				SWIFT_VERSION = 3.0;
				TEST_TARGET_NAME = "小说搜索阅读";
			};
			name = Release;
		};
/* End XCBuildConfiguration section */

/* Begin XCConfigurationList section */
		B120E21F1DA9E72800921288 /* Build configuration list for PBXProject "小说搜索阅读" */ = {
			isa = XCConfigurationList;
			buildConfigurations = (
				B120E24A1DA9E72800921288 /* Debug */,
				B120E24B1DA9E72800921288 /* Release */,
			);
			defaultConfigurationIsVisible = 0;
			defaultConfigurationName = Release;
		};
		B120E24C1DA9E72800921288 /* Build configuration list for PBXNativeTarget "小说搜索阅读" */ = {
			isa = XCConfigurationList;
			buildConfigurations = (
				B120E24D1DA9E72800921288 /* Debug */,
				B120E24E1DA9E72800921288 /* Release */,
			);
			defaultConfigurationIsVisible = 0;
			defaultConfigurationName = Release;
		};
		B120E24F1DA9E72800921288 /* Build configuration list for PBXNativeTarget "小说搜索阅读Tests" */ = {
			isa = XCConfigurationList;
			buildConfigurations = (
				B120E2501DA9E72800921288 /* Debug */,
				B120E2511DA9E72800921288 /* Release */,
			);
			defaultConfigurationIsVisible = 0;
			defaultConfigurationName = Release;
		};
		B120E2521DA9E72800921288 /* Build configuration list for PBXNativeTarget "小说搜索阅读UITests" */ = {
			isa = XCConfigurationList;
			buildConfigurations = (
				B120E2531DA9E72800921288 /* Debug */,
				B120E2541DA9E72800921288 /* Release */,
			);
			defaultConfigurationIsVisible = 0;
			defaultConfigurationName = Release;
		};
/* End XCConfigurationList section */
	};
	rootObject = B120E21C1DA9E72800921288 /* Project object */;
}
