// !$*UTF8*$!
{
	archiveVersion = 1;
	classes = {
	};
	objectVersion = 46;
	objects = {

/* Begin PBXBuildFile section */
		B120E2281DA9E72800921288 /* AppDelegate.swift in Sources */ = {isa = PBXBuildFile; fileRef = B120E2271DA9E72800921288 /* AppDelegate.swift */; };
		B120E22F1DA9E72800921288 /* Assets.xcassets in Resources */ = {isa = PBXBuildFile; fileRef = B120E22E1DA9E72800921288 /* Assets.xcassets */; };
		B120E2321DA9E72800921288 /* LaunchScreen.storyboard in Resources */ = {isa = PBXBuildFile; fileRef = B120E2301DA9E72800921288 /* LaunchScreen.storyboard */; };
		B12CD5571DB687EE00377450 /* HttpUtil.swift in Sources */ = {isa = PBXBuildFile; fileRef = B12CD5561DB687EE00377450 /* HttpUtil.swift */; };
		B1378BD91DB4A5CC000D4FAE /* SettingViewController.swift in Sources */ = {isa = PBXBuildFile; fileRef = B1378BD81DB4A5CC000D4FAE /* SettingViewController.swift */; };
		B15B846A1DC5EB4500DD1A56 /* UserDefaultsHelper.swift in Sources */ = {isa = PBXBuildFile; fileRef = B15B84691DC5EB4500DD1A56 /* UserDefaultsHelper.swift */; };
		B1600A401DC25ED3000A4C49 /* WelcomView.swift in Sources */ = {isa = PBXBuildFile; fileRef = B1600A3E1DC25ED3000A4C49 /* WelcomView.swift */; };
		B1600A431DC26E76000A4C49 /* WelcomView.xib in Resources */ = {isa = PBXBuildFile; fileRef = B1600A421DC26E76000A4C49 /* WelcomView.xib */; };
		B162E2121DC0E2F3008DF1C4 /* UpdateChapterViewModel.swift in Sources */ = {isa = PBXBuildFile; fileRef = B162E2111DC0E2F3008DF1C4 /* UpdateChapterViewModel.swift */; };
		B162E2161DC0F152008DF1C4 /* CommonPageViewModel.swift in Sources */ = {isa = PBXBuildFile; fileRef = B162E2151DC0F152008DF1C4 /* CommonPageViewModel.swift */; };
		B162E21C1DC10284008DF1C4 /* UIBarButtonItem+Extension.swift in Sources */ = {isa = PBXBuildFile; fileRef = B162E21B1DC10284008DF1C4 /* UIBarButtonItem+Extension.swift */; };
		B162E21F1DC110BE008DF1C4 /* BookContentViewController.swift in Sources */ = {isa = PBXBuildFile; fileRef = B162E21E1DC110BE008DF1C4 /* BookContentViewController.swift */; };
		B17860BD1DD37A7300E07944 /* SettingTableViewCell.swift in Sources */ = {isa = PBXBuildFile; fileRef = B17860BB1DD37A7300E07944 /* SettingTableViewCell.swift */; };
		B17860BE1DD37A7300E07944 /* SettingTableViewCell.xib in Resources */ = {isa = PBXBuildFile; fileRef = B17860BC1DD37A7300E07944 /* SettingTableViewCell.xib */; };
		B17E03C91DB095B90061DD47 /* Book.swift in Sources */ = {isa = PBXBuildFile; fileRef = B17E03C11DB095B90061DD47 /* Book.swift */; };
		B17E03CB1DB098350061DD47 /* MainViewController.swift in Sources */ = {isa = PBXBuildFile; fileRef = B17E03CA1DB098350061DD47 /* MainViewController.swift */; };
		B17E03CD1DB0984E0061DD47 /* BaseViewController.swift in Sources */ = {isa = PBXBuildFile; fileRef = B17E03CC1DB0984E0061DD47 /* BaseViewController.swift */; };
		B17E03CF1DB0987A0061DD47 /* NavigationViewController.swift in Sources */ = {isa = PBXBuildFile; fileRef = B17E03CE1DB0987A0061DD47 /* NavigationViewController.swift */; };
		B17E03D11DB098CF0061DD47 /* RankViewController.swift in Sources */ = {isa = PBXBuildFile; fileRef = B17E03D01DB098CF0061DD47 /* RankViewController.swift */; };
		B17E03D81DB099380061DD47 /* BookshelfViewController.swift in Sources */ = {isa = PBXBuildFile; fileRef = B17E03D71DB099380061DD47 /* BookshelfViewController.swift */; };
		B17E03DB1DB09B830061DD47 /* Bundle+Extensions.swift in Sources */ = {isa = PBXBuildFile; fileRef = B17E03DA1DB09B830061DD47 /* Bundle+Extensions.swift */; };
		B1904FB11DB605C900534AD6 /* ToastView.swift in Sources */ = {isa = PBXBuildFile; fileRef = B1904FB01DB605C900534AD6 /* ToastView.swift */; };
		B1904FB41DB728EA00534AD6 /* ConstantUrl.swift in Sources */ = {isa = PBXBuildFile; fileRef = B1904FB31DB728EA00534AD6 /* ConstantUrl.swift */; };
		B1904FB61DB75E9900534AD6 /* AnalisysHtmlHelper.swift in Sources */ = {isa = PBXBuildFile; fileRef = B1904FB51DB75E9900534AD6 /* AnalisysHtmlHelper.swift */; };
		B1904FB81DB7866900534AD6 /* BookCacheHelper.swift in Sources */ = {isa = PBXBuildFile; fileRef = B1904FB71DB7866900534AD6 /* BookCacheHelper.swift */; };
		B1904FBA1DB79A9800534AD6 /* JSON.swift in Sources */ = {isa = PBXBuildFile; fileRef = B1904FB91DB79A9800534AD6 /* JSON.swift */; };
		B194B8C51DBDC4530061C9A4 /* RankListPageViewModel.swift in Sources */ = {isa = PBXBuildFile; fileRef = B194B8C41DBDC4530061C9A4 /* RankListPageViewModel.swift */; };
		B194B8C71DBDD0280061C9A4 /* BookShelfPageViewModel.swift in Sources */ = {isa = PBXBuildFile; fileRef = B194B8C61DBDD0280061C9A4 /* BookShelfPageViewModel.swift */; };
		B194B8C91DBDD0CE0061C9A4 /* ViewModelInstance.swift in Sources */ = {isa = PBXBuildFile; fileRef = B194B8C81DBDD0CE0061C9A4 /* ViewModelInstance.swift */; };
		B194B8CB1DBDD55E0061C9A4 /* HotAndRecommendPageViewModel.swift in Sources */ = {isa = PBXBuildFile; fileRef = B194B8CA1DBDD55E0061C9A4 /* HotAndRecommendPageViewModel.swift */; };
		B194B8CE1DBDE6720061C9A4 /* HotAndRecommendViewController.swift in Sources */ = {isa = PBXBuildFile; fileRef = B194B8CD1DBDE6720061C9A4 /* HotAndRecommendViewController.swift */; };
		B19B743B1DD33984008D6C5C /* RefreshControl.swift in Sources */ = {isa = PBXBuildFile; fileRef = B19B74381DD33984008D6C5C /* RefreshControl.swift */; };
		B19B743C1DD33984008D6C5C /* RefreshView.swift in Sources */ = {isa = PBXBuildFile; fileRef = B19B74391DD33984008D6C5C /* RefreshView.swift */; };
		B19B743D1DD33984008D6C5C /* RefreshView.xib in Resources */ = {isa = PBXBuildFile; fileRef = B19B743A1DD33984008D6C5C /* RefreshView.xib */; };
		B19B74431DD3446E008D6C5C /* CommonBookListTableViewCell.swift in Sources */ = {isa = PBXBuildFile; fileRef = B19B743F1DD3446E008D6C5C /* CommonBookListTableViewCell.swift */; };
		B19B74441DD3446E008D6C5C /* CommonBookListTableViewCell.xib in Resources */ = {isa = PBXBuildFile; fileRef = B19B74401DD3446E008D6C5C /* CommonBookListTableViewCell.xib */; };
		B19B74451DD3446E008D6C5C /* UpdateChapterTableViewCell.swift in Sources */ = {isa = PBXBuildFile; fileRef = B19B74411DD3446E008D6C5C /* UpdateChapterTableViewCell.swift */; };
		B19B74461DD3446E008D6C5C /* UpdateChapterTableViewCell.xib in Resources */ = {isa = PBXBuildFile; fileRef = B19B74421DD3446E008D6C5C /* UpdateChapterTableViewCell.xib */; };
		B19B74491DD344D8008D6C5C /* BookshelfTableViewCell.swift in Sources */ = {isa = PBXBuildFile; fileRef = B19B74471DD344D8008D6C5C /* BookshelfTableViewCell.swift */; };
		B19B744A1DD344D8008D6C5C /* BookshelfTableViewCell.xib in Resources */ = {isa = PBXBuildFile; fileRef = B19B74481DD344D8008D6C5C /* BookshelfTableViewCell.xib */; };
		B19B744C1DD43DC9008D6C5C /* UserLoginViewModel.swift in Sources */ = {isa = PBXBuildFile; fileRef = B19B744B1DD43DC9008D6C5C /* UserLoginViewModel.swift */; };
		B19B744E1DD44B76008D6C5C /* SettingEntity.swift in Sources */ = {isa = PBXBuildFile; fileRef = B19B744D1DD44B76008D6C5C /* SettingEntity.swift */; };
		B19B74501DD44E18008D6C5C /* SettingPageViewModel.swift in Sources */ = {isa = PBXBuildFile; fileRef = B19B744F1DD44E18008D6C5C /* SettingPageViewModel.swift */; };
		B19B74531DD4C30D008D6C5C /* RegisterViewController.swift in Sources */ = {isa = PBXBuildFile; fileRef = B19B74521DD4C30D008D6C5C /* RegisterViewController.swift */; };
		B19B74551DD4C344008D6C5C /* RegisterViewController.xib in Resources */ = {isa = PBXBuildFile; fileRef = B19B74541DD4C344008D6C5C /* RegisterViewController.xib */; };
		B1B6A3531DC1EA2300CF23B7 /* Constaints.swift in Sources */ = {isa = PBXBuildFile; fileRef = B1B6A3521DC1EA2300CF23B7 /* Constaints.swift */; };
		B1B6A3551DC3409D00CF23B7 /* NetworkHelper.swift in Sources */ = {isa = PBXBuildFile; fileRef = B1B6A3541DC3409D00CF23B7 /* NetworkHelper.swift */; };
		B1BEC74F1DC0979000AD8DC3 /* UpdateChapterViewController.swift in Sources */ = {isa = PBXBuildFile; fileRef = B1BEC74E1DC0979000AD8DC3 /* UpdateChapterViewController.swift */; };
		B1C238571DD382FE00C37FA6 /* SettingSwitchTableViewCell.xib in Resources */ = {isa = PBXBuildFile; fileRef = B1C238551DD382FE00C37FA6 /* SettingSwitchTableViewCell.xib */; };
		B1C2385B1DD388D800C37FA6 /* LonginViewController.swift in Sources */ = {isa = PBXBuildFile; fileRef = B1C238591DD388D800C37FA6 /* LonginViewController.swift */; };
		B1C2385C1DD388D800C37FA6 /* LonginViewController.xib in Resources */ = {isa = PBXBuildFile; fileRef = B1C2385A1DD388D800C37FA6 /* LonginViewController.xib */; };
		F5DA2AE54C56A2A2976E8D6F /* Pods_______.framework in Frameworks */ = {isa = PBXBuildFile; fileRef = 20C180B4901097B286F23F8F /* Pods_______.framework */; };
/* End PBXBuildFile section */

/* Begin PBXFileReference section */
		20C180B4901097B286F23F8F /* Pods_______.framework */ = {isa = PBXFileReference; explicitFileType = wrapper.framework; includeInIndex = 0; path = "Pods_______.framework"; sourceTree = BUILT_PRODUCTS_DIR; };
		2372C43A19F5E340E0D49F6C /* Pods-小说搜索阅读.release.xcconfig */ = {isa = PBXFileReference; includeInIndex = 1; lastKnownFileType = text.xcconfig; name = "Pods-小说搜索阅读.release.xcconfig"; path = "Pods/Target Support Files/Pods-小说搜索阅读/Pods-小说搜索阅读.release.xcconfig"; sourceTree = "<group>"; };
		2C2F100D7D946D83648A620C /* Pods-小说搜索阅读.debug.xcconfig */ = {isa = PBXFileReference; includeInIndex = 1; lastKnownFileType = text.xcconfig; name = "Pods-小说搜索阅读.debug.xcconfig"; path = "Pods/Target Support Files/Pods-小说搜索阅读/Pods-小说搜索阅读.debug.xcconfig"; sourceTree = "<group>"; };
		B120E2241DA9E72800921288 /* 小说搜索阅读.app */ = {isa = PBXFileReference; explicitFileType = wrapper.application; includeInIndex = 0; path = "小说搜索阅读.app"; sourceTree = BUILT_PRODUCTS_DIR; };
		B120E2271DA9E72800921288 /* AppDelegate.swift */ = {isa = PBXFileReference; lastKnownFileType = sourcecode.swift; path = AppDelegate.swift; sourceTree = "<group>"; };
		B120E22E1DA9E72800921288 /* Assets.xcassets */ = {isa = PBXFileReference; lastKnownFileType = folder.assetcatalog; path = Assets.xcassets; sourceTree = "<group>"; };
		B120E2311DA9E72800921288 /* Base */ = {isa = PBXFileReference; lastKnownFileType = file.storyboard; name = Base; path = Base.lproj/LaunchScreen.storyboard; sourceTree = "<group>"; };
		B120E2331DA9E72800921288 /* Info.plist */ = {isa = PBXFileReference; lastKnownFileType = text.plist.xml; path = Info.plist; sourceTree = "<group>"; };
		B12CD5561DB687EE00377450 /* HttpUtil.swift */ = {isa = PBXFileReference; fileEncoding = 4; lastKnownFileType = sourcecode.swift; path = HttpUtil.swift; sourceTree = "<group>"; };
		B1378BD81DB4A5CC000D4FAE /* SettingViewController.swift */ = {isa = PBXFileReference; fileEncoding = 4; lastKnownFileType = sourcecode.swift; path = SettingViewController.swift; sourceTree = "<group>"; };
		B15B84691DC5EB4500DD1A56 /* UserDefaultsHelper.swift */ = {isa = PBXFileReference; fileEncoding = 4; lastKnownFileType = sourcecode.swift; path = UserDefaultsHelper.swift; sourceTree = "<group>"; };
		B1600A3E1DC25ED3000A4C49 /* WelcomView.swift */ = {isa = PBXFileReference; fileEncoding = 4; lastKnownFileType = sourcecode.swift; path = WelcomView.swift; sourceTree = "<group>"; };
		B1600A421DC26E76000A4C49 /* WelcomView.xib */ = {isa = PBXFileReference; fileEncoding = 4; lastKnownFileType = file.xib; path = WelcomView.xib; sourceTree = "<group>"; };
		B162E2111DC0E2F3008DF1C4 /* UpdateChapterViewModel.swift */ = {isa = PBXFileReference; fileEncoding = 4; lastKnownFileType = sourcecode.swift; path = UpdateChapterViewModel.swift; sourceTree = "<group>"; };
		B162E2151DC0F152008DF1C4 /* CommonPageViewModel.swift */ = {isa = PBXFileReference; fileEncoding = 4; lastKnownFileType = sourcecode.swift; path = CommonPageViewModel.swift; sourceTree = "<group>"; };
		B162E21B1DC10284008DF1C4 /* UIBarButtonItem+Extension.swift */ = {isa = PBXFileReference; fileEncoding = 4; lastKnownFileType = sourcecode.swift; path = "UIBarButtonItem+Extension.swift"; sourceTree = "<group>"; };
		B162E21E1DC110BE008DF1C4 /* BookContentViewController.swift */ = {isa = PBXFileReference; fileEncoding = 4; lastKnownFileType = sourcecode.swift; path = BookContentViewController.swift; sourceTree = "<group>"; };
		B17860BB1DD37A7300E07944 /* SettingTableViewCell.swift */ = {isa = PBXFileReference; fileEncoding = 4; lastKnownFileType = sourcecode.swift; path = SettingTableViewCell.swift; sourceTree = "<group>"; };
		B17860BC1DD37A7300E07944 /* SettingTableViewCell.xib */ = {isa = PBXFileReference; fileEncoding = 4; lastKnownFileType = file.xib; path = SettingTableViewCell.xib; sourceTree = "<group>"; };
		B17E03C11DB095B90061DD47 /* Book.swift */ = {isa = PBXFileReference; fileEncoding = 4; lastKnownFileType = sourcecode.swift; path = Book.swift; sourceTree = "<group>"; };
		B17E03CA1DB098350061DD47 /* MainViewController.swift */ = {isa = PBXFileReference; fileEncoding = 4; lastKnownFileType = sourcecode.swift; path = MainViewController.swift; sourceTree = "<group>"; };
		B17E03CC1DB0984E0061DD47 /* BaseViewController.swift */ = {isa = PBXFileReference; fileEncoding = 4; lastKnownFileType = sourcecode.swift; path = BaseViewController.swift; sourceTree = "<group>"; };
		B17E03CE1DB0987A0061DD47 /* NavigationViewController.swift */ = {isa = PBXFileReference; fileEncoding = 4; lastKnownFileType = sourcecode.swift; path = NavigationViewController.swift; sourceTree = "<group>"; };
		B17E03D01DB098CF0061DD47 /* RankViewController.swift */ = {isa = PBXFileReference; fileEncoding = 4; lastKnownFileType = sourcecode.swift; path = RankViewController.swift; sourceTree = "<group>"; };
		B17E03D71DB099380061DD47 /* BookshelfViewController.swift */ = {isa = PBXFileReference; fileEncoding = 4; lastKnownFileType = sourcecode.swift; path = BookshelfViewController.swift; sourceTree = "<group>"; };
		B17E03DA1DB09B830061DD47 /* Bundle+Extensions.swift */ = {isa = PBXFileReference; fileEncoding = 4; lastKnownFileType = sourcecode.swift; path = "Bundle+Extensions.swift"; sourceTree = "<group>"; };
		B1904FB01DB605C900534AD6 /* ToastView.swift */ = {isa = PBXFileReference; fileEncoding = 4; lastKnownFileType = sourcecode.swift; path = ToastView.swift; sourceTree = "<group>"; };
		B1904FB31DB728EA00534AD6 /* ConstantUrl.swift */ = {isa = PBXFileReference; fileEncoding = 4; lastKnownFileType = sourcecode.swift; path = ConstantUrl.swift; sourceTree = "<group>"; };
		B1904FB51DB75E9900534AD6 /* AnalisysHtmlHelper.swift */ = {isa = PBXFileReference; fileEncoding = 4; lastKnownFileType = sourcecode.swift; path = AnalisysHtmlHelper.swift; sourceTree = "<group>"; };
		B1904FB71DB7866900534AD6 /* BookCacheHelper.swift */ = {isa = PBXFileReference; fileEncoding = 4; lastKnownFileType = sourcecode.swift; path = BookCacheHelper.swift; sourceTree = "<group>"; };
		B1904FB91DB79A9800534AD6 /* JSON.swift */ = {isa = PBXFileReference; fileEncoding = 4; lastKnownFileType = sourcecode.swift; path = JSON.swift; sourceTree = "<group>"; };
		B194B8C41DBDC4530061C9A4 /* RankListPageViewModel.swift */ = {isa = PBXFileReference; fileEncoding = 4; lastKnownFileType = sourcecode.swift; path = RankListPageViewModel.swift; sourceTree = "<group>"; };
		B194B8C61DBDD0280061C9A4 /* BookShelfPageViewModel.swift */ = {isa = PBXFileReference; fileEncoding = 4; lastKnownFileType = sourcecode.swift; path = BookShelfPageViewModel.swift; sourceTree = "<group>"; };
		B194B8C81DBDD0CE0061C9A4 /* ViewModelInstance.swift */ = {isa = PBXFileReference; fileEncoding = 4; lastKnownFileType = sourcecode.swift; path = ViewModelInstance.swift; sourceTree = "<group>"; };
		B194B8CA1DBDD55E0061C9A4 /* HotAndRecommendPageViewModel.swift */ = {isa = PBXFileReference; fileEncoding = 4; lastKnownFileType = sourcecode.swift; path = HotAndRecommendPageViewModel.swift; sourceTree = "<group>"; };
		B194B8CD1DBDE6720061C9A4 /* HotAndRecommendViewController.swift */ = {isa = PBXFileReference; fileEncoding = 4; lastKnownFileType = sourcecode.swift; path = HotAndRecommendViewController.swift; sourceTree = "<group>"; };
		B19B74381DD33984008D6C5C /* RefreshControl.swift */ = {isa = PBXFileReference; fileEncoding = 4; lastKnownFileType = sourcecode.swift; path = RefreshControl.swift; sourceTree = "<group>"; };
		B19B74391DD33984008D6C5C /* RefreshView.swift */ = {isa = PBXFileReference; fileEncoding = 4; lastKnownFileType = sourcecode.swift; path = RefreshView.swift; sourceTree = "<group>"; };
		B19B743A1DD33984008D6C5C /* RefreshView.xib */ = {isa = PBXFileReference; fileEncoding = 4; lastKnownFileType = file.xib; path = RefreshView.xib; sourceTree = "<group>"; };
		B19B743F1DD3446E008D6C5C /* CommonBookListTableViewCell.swift */ = {isa = PBXFileReference; fileEncoding = 4; lastKnownFileType = sourcecode.swift; path = CommonBookListTableViewCell.swift; sourceTree = "<group>"; };
		B19B74401DD3446E008D6C5C /* CommonBookListTableViewCell.xib */ = {isa = PBXFileReference; fileEncoding = 4; lastKnownFileType = file.xib; path = CommonBookListTableViewCell.xib; sourceTree = "<group>"; };
		B19B74411DD3446E008D6C5C /* UpdateChapterTableViewCell.swift */ = {isa = PBXFileReference; fileEncoding = 4; lastKnownFileType = sourcecode.swift; path = UpdateChapterTableViewCell.swift; sourceTree = "<group>"; };
		B19B74421DD3446E008D6C5C /* UpdateChapterTableViewCell.xib */ = {isa = PBXFileReference; fileEncoding = 4; lastKnownFileType = file.xib; path = UpdateChapterTableViewCell.xib; sourceTree = "<group>"; };
		B19B74471DD344D8008D6C5C /* BookshelfTableViewCell.swift */ = {isa = PBXFileReference; fileEncoding = 4; lastKnownFileType = sourcecode.swift; path = BookshelfTableViewCell.swift; sourceTree = "<group>"; };
		B19B74481DD344D8008D6C5C /* BookshelfTableViewCell.xib */ = {isa = PBXFileReference; fileEncoding = 4; lastKnownFileType = file.xib; path = BookshelfTableViewCell.xib; sourceTree = "<group>"; };
		B19B744B1DD43DC9008D6C5C /* UserLoginViewModel.swift */ = {isa = PBXFileReference; fileEncoding = 4; lastKnownFileType = sourcecode.swift; path = UserLoginViewModel.swift; sourceTree = "<group>"; };
		B19B744D1DD44B76008D6C5C /* SettingEntity.swift */ = {isa = PBXFileReference; fileEncoding = 4; lastKnownFileType = sourcecode.swift; path = SettingEntity.swift; sourceTree = "<group>"; };
		B19B744F1DD44E18008D6C5C /* SettingPageViewModel.swift */ = {isa = PBXFileReference; fileEncoding = 4; lastKnownFileType = sourcecode.swift; path = SettingPageViewModel.swift; sourceTree = "<group>"; };
		B19B74521DD4C30D008D6C5C /* RegisterViewController.swift */ = {isa = PBXFileReference; fileEncoding = 4; lastKnownFileType = sourcecode.swift; path = RegisterViewController.swift; sourceTree = "<group>"; };
		B19B74541DD4C344008D6C5C /* RegisterViewController.xib */ = {isa = PBXFileReference; fileEncoding = 4; lastKnownFileType = file.xib; path = RegisterViewController.xib; sourceTree = "<group>"; };
		B1B6A3521DC1EA2300CF23B7 /* Constaints.swift */ = {isa = PBXFileReference; fileEncoding = 4; lastKnownFileType = sourcecode.swift; path = Constaints.swift; sourceTree = "<group>"; };
		B1B6A3541DC3409D00CF23B7 /* NetworkHelper.swift */ = {isa = PBXFileReference; fileEncoding = 4; lastKnownFileType = sourcecode.swift; path = NetworkHelper.swift; sourceTree = "<group>"; };
		B1BEC74E1DC0979000AD8DC3 /* UpdateChapterViewController.swift */ = {isa = PBXFileReference; fileEncoding = 4; lastKnownFileType = sourcecode.swift; path = UpdateChapterViewController.swift; sourceTree = "<group>"; };
		B1C238551DD382FE00C37FA6 /* SettingSwitchTableViewCell.xib */ = {isa = PBXFileReference; fileEncoding = 4; lastKnownFileType = file.xib; path = SettingSwitchTableViewCell.xib; sourceTree = "<group>"; };
		B1C238591DD388D800C37FA6 /* LonginViewController.swift */ = {isa = PBXFileReference; fileEncoding = 4; lastKnownFileType = sourcecode.swift; path = LonginViewController.swift; sourceTree = "<group>"; };
		B1C2385A1DD388D800C37FA6 /* LonginViewController.xib */ = {isa = PBXFileReference; fileEncoding = 4; lastKnownFileType = file.xib; path = LonginViewController.xib; sourceTree = "<group>"; };
/* End PBXFileReference section */

/* Begin PBXFrameworksBuildPhase section */
		B120E2211DA9E72800921288 /* Frameworks */ = {
			isa = PBXFrameworksBuildPhase;
			buildActionMask = 2147483647;
			files = (
				F5DA2AE54C56A2A2976E8D6F /* Pods_______.framework in Frameworks */,
			);
			runOnlyForDeploymentPostprocessing = 0;
		};
/* End PBXFrameworksBuildPhase section */

/* Begin PBXGroup section */
		773BEBA21A238BB314FD4BFC /* Pods */ = {
			isa = PBXGroup;
			children = (
				2C2F100D7D946D83648A620C /* Pods-小说搜索阅读.debug.xcconfig */,
				2372C43A19F5E340E0D49F6C /* Pods-小说搜索阅读.release.xcconfig */,
			);
			name = Pods;
			sourceTree = "<group>";
		};
		B120E21B1DA9E72800921288 = {
			isa = PBXGroup;
			children = (
				B120E2261DA9E72800921288 /* 小说搜索阅读 */,
				B120E2251DA9E72800921288 /* Products */,
				773BEBA21A238BB314FD4BFC /* Pods */,
				F9C326BCDE3D42F556995BC8 /* Frameworks */,
			);
			sourceTree = "<group>";
		};
		B120E2251DA9E72800921288 /* Products */ = {
			isa = PBXGroup;
			children = (
				B120E2241DA9E72800921288 /* 小说搜索阅读.app */,
			);
			name = Products;
			sourceTree = "<group>";
		};
		B120E2261DA9E72800921288 /* 小说搜索阅读 */ = {
			isa = PBXGroup;
			children = (
				B1904FB21DB728BD00534AD6 /* Constants */,
				B17E03C01DB095B90061DD47 /* Model */,
				B17E03C31DB095B90061DD47 /* View */,
				B17E03C81DB095B90061DD47 /* ViewModel */,
				B120E2271DA9E72800921288 /* AppDelegate.swift */,
				B120E22E1DA9E72800921288 /* Assets.xcassets */,
				B120E2301DA9E72800921288 /* LaunchScreen.storyboard */,
				B120E2331DA9E72800921288 /* Info.plist */,
				B17E03C21DB095B90061DD47 /* Tools */,
			);
			path = "小说搜索阅读";
			sourceTree = "<group>";
		};
		B1378BD71DB4A5A0000D4FAE /* Setting */ = {
			isa = PBXGroup;
			children = (
				B1378BD81DB4A5CC000D4FAE /* SettingViewController.swift */,
			);
			path = Setting;
			sourceTree = "<group>";
		};
		B1600A3B1DC25D7E000A4C49 /* Welcom */ = {
			isa = PBXGroup;
			children = (
				B1600A3E1DC25ED3000A4C49 /* WelcomView.swift */,
				B1600A421DC26E76000A4C49 /* WelcomView.xib */,
			);
			path = Welcom;
			sourceTree = "<group>";
		};
		B162E21D1DC1104A008DF1C4 /* ContentView */ = {
			isa = PBXGroup;
			children = (
				B162E21E1DC110BE008DF1C4 /* BookContentViewController.swift */,
			);
			path = ContentView;
			sourceTree = "<group>";
		};
		B17E03C01DB095B90061DD47 /* Model */ = {
			isa = PBXGroup;
			children = (
				B17E03C11DB095B90061DD47 /* Book.swift */,
				B19B744D1DD44B76008D6C5C /* SettingEntity.swift */,
			);
			path = Model;
			sourceTree = "<group>";
		};
		B17E03C21DB095B90061DD47 /* Tools */ = {
			isa = PBXGroup;
			children = (
				B17E03D91DB09B3C0061DD47 /* Extensions */,
				B1904FB01DB605C900534AD6 /* ToastView.swift */,
				B12CD5561DB687EE00377450 /* HttpUtil.swift */,
				B1904FB51DB75E9900534AD6 /* AnalisysHtmlHelper.swift */,
				B1904FB71DB7866900534AD6 /* BookCacheHelper.swift */,
				B1904FB91DB79A9800534AD6 /* JSON.swift */,
				B1B6A3541DC3409D00CF23B7 /* NetworkHelper.swift */,
				B15B84691DC5EB4500DD1A56 /* UserDefaultsHelper.swift */,
			);
			path = Tools;
			sourceTree = "<group>";
		};
		B17E03C31DB095B90061DD47 /* View */ = {
			isa = PBXGroup;
			children = (
				B1600A3B1DC25D7E000A4C49 /* Welcom */,
				B17E03C51DB095B90061DD47 /* Main */,
				B17E03D61DB099120061DD47 /* Bookshelf */,
				B17E03C61DB095B90061DD47 /* Rank */,
				B194B8CC1DBDE6720061C9A4 /* HotAndRecommend */,
				B1378BD71DB4A5A0000D4FAE /* Setting */,
				B19B74511DD4C299008D6C5C /* Register */,
				B1C238581DD3889400C37FA6 /* longin */,
				B1BEC74D1DC0972E00AD8DC3 /* UpdateChapter */,
				B162E21D1DC1104A008DF1C4 /* ContentView */,
				B1BEC7421DC05D9100AD8DC3 /* UserControl */,
			);
			path = View;
			sourceTree = "<group>";
		};
		B17E03C51DB095B90061DD47 /* Main */ = {
			isa = PBXGroup;
			children = (
				B17E03CA1DB098350061DD47 /* MainViewController.swift */,
				B17E03CC1DB0984E0061DD47 /* BaseViewController.swift */,
				B17E03CE1DB0987A0061DD47 /* NavigationViewController.swift */,
			);
			path = Main;
			sourceTree = "<group>";
		};
		B17E03C61DB095B90061DD47 /* Rank */ = {
			isa = PBXGroup;
			children = (
				B17E03D01DB098CF0061DD47 /* RankViewController.swift */,
			);
			path = Rank;
			sourceTree = "<group>";
		};
		B17E03C81DB095B90061DD47 /* ViewModel */ = {
			isa = PBXGroup;
			children = (
				B194B8C61DBDD0280061C9A4 /* BookShelfPageViewModel.swift */,
				B194B8C41DBDC4530061C9A4 /* RankListPageViewModel.swift */,
				B194B8CA1DBDD55E0061C9A4 /* HotAndRecommendPageViewModel.swift */,
				B162E2111DC0E2F3008DF1C4 /* UpdateChapterViewModel.swift */,
				B194B8C81DBDD0CE0061C9A4 /* ViewModelInstance.swift */,
				B162E2151DC0F152008DF1C4 /* CommonPageViewModel.swift */,
				B19B744B1DD43DC9008D6C5C /* UserLoginViewModel.swift */,
				B19B744F1DD44E18008D6C5C /* SettingPageViewModel.swift */,
			);
			path = ViewModel;
			sourceTree = "<group>";
		};
		B17E03D61DB099120061DD47 /* Bookshelf */ = {
			isa = PBXGroup;
			children = (
				B17E03D71DB099380061DD47 /* BookshelfViewController.swift */,
			);
			path = Bookshelf;
			sourceTree = "<group>";
		};
		B17E03D91DB09B3C0061DD47 /* Extensions */ = {
			isa = PBXGroup;
			children = (
				B162E21B1DC10284008DF1C4 /* UIBarButtonItem+Extension.swift */,
				B17E03DA1DB09B830061DD47 /* Bundle+Extensions.swift */,
			);
			path = Extensions;
			sourceTree = "<group>";
		};
		B1904FB21DB728BD00534AD6 /* Constants */ = {
			isa = PBXGroup;
			children = (
				B1B6A3521DC1EA2300CF23B7 /* Constaints.swift */,
				B1904FB31DB728EA00534AD6 /* ConstantUrl.swift */,
			);
			path = Constants;
			sourceTree = "<group>";
		};
		B194B8CC1DBDE6720061C9A4 /* HotAndRecommend */ = {
			isa = PBXGroup;
			children = (
				B194B8CD1DBDE6720061C9A4 /* HotAndRecommendViewController.swift */,
			);
			path = HotAndRecommend;
			sourceTree = "<group>";
		};
		B19B74371DD33984008D6C5C /* RefreshControl */ = {
			isa = PBXGroup;
			children = (
				B19B74381DD33984008D6C5C /* RefreshControl.swift */,
				B19B74391DD33984008D6C5C /* RefreshView.swift */,
				B19B743A1DD33984008D6C5C /* RefreshView.xib */,
			);
			path = RefreshControl;
			sourceTree = "<group>";
		};
		B19B743E1DD34452008D6C5C /* CustomCell */ = {
			isa = PBXGroup;
			children = (
				B19B743F1DD3446E008D6C5C /* CommonBookListTableViewCell.swift */,
				B19B74401DD3446E008D6C5C /* CommonBookListTableViewCell.xib */,
				B19B74411DD3446E008D6C5C /* UpdateChapterTableViewCell.swift */,
				B19B74421DD3446E008D6C5C /* UpdateChapterTableViewCell.xib */,
				B19B74471DD344D8008D6C5C /* BookshelfTableViewCell.swift */,
				B19B74481DD344D8008D6C5C /* BookshelfTableViewCell.xib */,
				B17860BB1DD37A7300E07944 /* SettingTableViewCell.swift */,
				B17860BC1DD37A7300E07944 /* SettingTableViewCell.xib */,
				B1C238551DD382FE00C37FA6 /* SettingSwitchTableViewCell.xib */,
			);
			path = CustomCell;
			sourceTree = "<group>";
		};
		B19B74511DD4C299008D6C5C /* Register */ = {
			isa = PBXGroup;
			children = (
				B19B74541DD4C344008D6C5C /* RegisterViewController.xib */,
				B19B74521DD4C30D008D6C5C /* RegisterViewController.swift */,
			);
			path = Register;
			sourceTree = "<group>";
		};
		B1BEC7421DC05D9100AD8DC3 /* UserControl */ = {
			isa = PBXGroup;
			children = (
				B19B743E1DD34452008D6C5C /* CustomCell */,
				B19B74371DD33984008D6C5C /* RefreshControl */,
			);
			path = UserControl;
			sourceTree = "<group>";
		};
		B1BEC74D1DC0972E00AD8DC3 /* UpdateChapter */ = {
			isa = PBXGroup;
			children = (
				B1BEC74E1DC0979000AD8DC3 /* UpdateChapterViewController.swift */,
			);
			path = UpdateChapter;
			sourceTree = "<group>";
		};
		B1C238581DD3889400C37FA6 /* longin */ = {
			isa = PBXGroup;
			children = (
				B1C238591DD388D800C37FA6 /* LonginViewController.swift */,
				B1C2385A1DD388D800C37FA6 /* LonginViewController.xib */,
			);
			path = longin;
			sourceTree = "<group>";
		};
		F9C326BCDE3D42F556995BC8 /* Frameworks */ = {
			isa = PBXGroup;
			children = (
				20C180B4901097B286F23F8F /* Pods_______.framework */,
			);
			name = Frameworks;
			sourceTree = "<group>";
		};
/* End PBXGroup section */

/* Begin PBXNativeTarget section */
		B120E2231DA9E72800921288 /* 小说搜索阅读 */ = {
			isa = PBXNativeTarget;
			buildConfigurationList = B120E24C1DA9E72800921288 /* Build configuration list for PBXNativeTarget "小说搜索阅读" */;
			buildPhases = (
				4FE821ACCAAD1499E9468575 /* [CP] Check Pods Manifest.lock */,
				B120E2201DA9E72800921288 /* Sources */,
				B120E2211DA9E72800921288 /* Frameworks */,
				B120E2221DA9E72800921288 /* Resources */,
				53D038A650BFCB20299E4E90 /* [CP] Embed Pods Frameworks */,
				A9BC639AA4B57BBED03E2261 /* [CP] Copy Pods Resources */,
			);
			buildRules = (
			);
			dependencies = (
			);
			name = "小说搜索阅读";
			productName = "小说搜索阅读";
			productReference = B120E2241DA9E72800921288 /* 小说搜索阅读.app */;
			productType = "com.apple.product-type.application";
		};
/* End PBXNativeTarget section */

/* Begin PBXProject section */
		B120E21C1DA9E72800921288 /* Project object */ = {
			isa = PBXProject;
			attributes = {
				LastSwiftUpdateCheck = 0800;
				LastUpgradeCheck = 0810;
				ORGANIZATIONNAME = "Ruobin Dang";
				TargetAttributes = {
					B120E2231DA9E72800921288 = {
						CreatedOnToolsVersion = 8.0;
						DevelopmentTeam = Z532NADQBJ;
						ProvisioningStyle = Automatic;
					};
				};
			};
			buildConfigurationList = B120E21F1DA9E72800921288 /* Build configuration list for PBXProject "小说搜索阅读" */;
			compatibilityVersion = "Xcode 3.2";
			developmentRegion = English;
			hasScannedForEncodings = 0;
			knownRegions = (
				en,
				Base,
			);
			mainGroup = B120E21B1DA9E72800921288;
			productRefGroup = B120E2251DA9E72800921288 /* Products */;
			projectDirPath = "";
			projectRoot = "";
			targets = (
				B120E2231DA9E72800921288 /* 小说搜索阅读 */,
			);
		};
/* End PBXProject section */

/* Begin PBXResourcesBuildPhase section */
		B120E2221DA9E72800921288 /* Resources */ = {
			isa = PBXResourcesBuildPhase;
			buildActionMask = 2147483647;
			files = (
				B19B74551DD4C344008D6C5C /* RegisterViewController.xib in Resources */,
				B19B744A1DD344D8008D6C5C /* BookshelfTableViewCell.xib in Resources */,
				B1C2385C1DD388D800C37FA6 /* LonginViewController.xib in Resources */,
				B1C238571DD382FE00C37FA6 /* SettingSwitchTableViewCell.xib in Resources */,
				B19B74461DD3446E008D6C5C /* UpdateChapterTableViewCell.xib in Resources */,
				B17860BE1DD37A7300E07944 /* SettingTableViewCell.xib in Resources */,
				B19B743D1DD33984008D6C5C /* RefreshView.xib in Resources */,
				B19B74441DD3446E008D6C5C /* CommonBookListTableViewCell.xib in Resources */,
				B1600A431DC26E76000A4C49 /* WelcomView.xib in Resources */,
				B120E2321DA9E72800921288 /* LaunchScreen.storyboard in Resources */,
				B120E22F1DA9E72800921288 /* Assets.xcassets in Resources */,
			);
			runOnlyForDeploymentPostprocessing = 0;
		};
/* End PBXResourcesBuildPhase section */

/* Begin PBXShellScriptBuildPhase section */
		4FE821ACCAAD1499E9468575 /* [CP] Check Pods Manifest.lock */ = {
			isa = PBXShellScriptBuildPhase;
			buildActionMask = 2147483647;
			files = (
			);
			inputPaths = (
			);
			name = "[CP] Check Pods Manifest.lock";
			outputPaths = (
			);
			runOnlyForDeploymentPostprocessing = 0;
			shellPath = /bin/sh;
			shellScript = "diff \"${PODS_ROOT}/../Podfile.lock\" \"${PODS_ROOT}/Manifest.lock\" > /dev/null\nif [ $? != 0 ] ; then\n    # print error to STDERR\n    echo \"error: The sandbox is not in sync with the Podfile.lock. Run 'pod install' or update your CocoaPods installation.\" >&2\n    exit 1\nfi\n";
			showEnvVarsInLog = 0;
		};
		53D038A650BFCB20299E4E90 /* [CP] Embed Pods Frameworks */ = {
			isa = PBXShellScriptBuildPhase;
			buildActionMask = 2147483647;
			files = (
			);
			inputPaths = (
			);
			name = "[CP] Embed Pods Frameworks";
			outputPaths = (
			);
			runOnlyForDeploymentPostprocessing = 0;
			shellPath = /bin/sh;
			shellScript = "\"${SRCROOT}/Pods/Target Support Files/Pods-小说搜索阅读/Pods-小说搜索阅读-frameworks.sh\"\n";
			showEnvVarsInLog = 0;
		};
		A9BC639AA4B57BBED03E2261 /* [CP] Copy Pods Resources */ = {
			isa = PBXShellScriptBuildPhase;
			buildActionMask = 2147483647;
			files = (
			);
			inputPaths = (
			);
			name = "[CP] Copy Pods Resources";
			outputPaths = (
			);
			runOnlyForDeploymentPostprocessing = 0;
			shellPath = /bin/sh;
			shellScript = "\"${SRCROOT}/Pods/Target Support Files/Pods-小说搜索阅读/Pods-小说搜索阅读-resources.sh\"\n";
			showEnvVarsInLog = 0;
		};
/* End PBXShellScriptBuildPhase section */

/* Begin PBXSourcesBuildPhase section */
		B120E2201DA9E72800921288 /* Sources */ = {
			isa = PBXSourcesBuildPhase;
			buildActionMask = 2147483647;
			files = (
				B19B743C1DD33984008D6C5C /* RefreshView.swift in Sources */,
				B194B8C71DBDD0280061C9A4 /* BookShelfPageViewModel.swift in Sources */,
				B17E03CF1DB0987A0061DD47 /* NavigationViewController.swift in Sources */,
				B17E03DB1DB09B830061DD47 /* Bundle+Extensions.swift in Sources */,
				B19B74451DD3446E008D6C5C /* UpdateChapterTableViewCell.swift in Sources */,
				B1904FB61DB75E9900534AD6 /* AnalisysHtmlHelper.swift in Sources */,
				B17E03CD1DB0984E0061DD47 /* BaseViewController.swift in Sources */,
				B19B74491DD344D8008D6C5C /* BookshelfTableViewCell.swift in Sources */,
				B17E03D11DB098CF0061DD47 /* RankViewController.swift in Sources */,
				B194B8C51DBDC4530061C9A4 /* RankListPageViewModel.swift in Sources */,
				B162E21C1DC10284008DF1C4 /* UIBarButtonItem+Extension.swift in Sources */,
				B19B74531DD4C30D008D6C5C /* RegisterViewController.swift in Sources */,
				B17E03C91DB095B90061DD47 /* Book.swift in Sources */,
				B1BEC74F1DC0979000AD8DC3 /* UpdateChapterViewController.swift in Sources */,
				B1C2385B1DD388D800C37FA6 /* LonginViewController.swift in Sources */,
				B12CD5571DB687EE00377450 /* HttpUtil.swift in Sources */,
				B162E2161DC0F152008DF1C4 /* CommonPageViewModel.swift in Sources */,
				B19B74431DD3446E008D6C5C /* CommonBookListTableViewCell.swift in Sources */,
				B17860BD1DD37A7300E07944 /* SettingTableViewCell.swift in Sources */,
				B194B8C91DBDD0CE0061C9A4 /* ViewModelInstance.swift in Sources */,
				B19B744C1DD43DC9008D6C5C /* UserLoginViewModel.swift in Sources */,
				B19B744E1DD44B76008D6C5C /* SettingEntity.swift in Sources */,
				B1904FB11DB605C900534AD6 /* ToastView.swift in Sources */,
				B17E03D81DB099380061DD47 /* BookshelfViewController.swift in Sources */,
				B1B6A3531DC1EA2300CF23B7 /* Constaints.swift in Sources */,
				B120E2281DA9E72800921288 /* AppDelegate.swift in Sources */,
				B17E03CB1DB098350061DD47 /* MainViewController.swift in Sources */,
				B1378BD91DB4A5CC000D4FAE /* SettingViewController.swift in Sources */,
				B19B74501DD44E18008D6C5C /* SettingPageViewModel.swift in Sources */,
				B1904FBA1DB79A9800534AD6 /* JSON.swift in Sources */,
				B1B6A3551DC3409D00CF23B7 /* NetworkHelper.swift in Sources */,
				B15B846A1DC5EB4500DD1A56 /* UserDefaultsHelper.swift in Sources */,
				B162E21F1DC110BE008DF1C4 /* BookContentViewController.swift in Sources */,
				B162E2121DC0E2F3008DF1C4 /* UpdateChapterViewModel.swift in Sources */,
				B1904FB41DB728EA00534AD6 /* ConstantUrl.swift in Sources */,
				B194B8CE1DBDE6720061C9A4 /* HotAndRecommendViewController.swift in Sources */,
				B1904FB81DB7866900534AD6 /* BookCacheHelper.swift in Sources */,
				B194B8CB1DBDD55E0061C9A4 /* HotAndRecommendPageViewModel.swift in Sources */,
				B1600A401DC25ED3000A4C49 /* WelcomView.swift in Sources */,
				B19B743B1DD33984008D6C5C /* RefreshControl.swift in Sources */,
			);
			runOnlyForDeploymentPostprocessing = 0;
		};
/* End PBXSourcesBuildPhase section */

/* Begin PBXVariantGroup section */
		B120E2301DA9E72800921288 /* LaunchScreen.storyboard */ = {
			isa = PBXVariantGroup;
			children = (
				B120E2311DA9E72800921288 /* Base */,
			);
			name = LaunchScreen.storyboard;
			sourceTree = "<group>";
		};
/* End PBXVariantGroup section */

/* Begin XCBuildConfiguration section */
		B120E24A1DA9E72800921288 /* Debug */ = {
			isa = XCBuildConfiguration;
			buildSettings = {
				ALWAYS_SEARCH_USER_PATHS = NO;
				CLANG_ANALYZER_NONNULL = YES;
				CLANG_CXX_LANGUAGE_STANDARD = "gnu++0x";
				CLANG_CXX_LIBRARY = "libc++";
				CLANG_ENABLE_MODULES = YES;
				CLANG_ENABLE_OBJC_ARC = YES;
				CLANG_WARN_BOOL_CONVERSION = YES;
				CLANG_WARN_CONSTANT_CONVERSION = YES;
				CLANG_WARN_DIRECT_OBJC_ISA_USAGE = YES_ERROR;
				CLANG_WARN_DOCUMENTATION_COMMENTS = YES;
				CLANG_WARN_EMPTY_BODY = YES;
				CLANG_WARN_ENUM_CONVERSION = YES;
				CLANG_WARN_INFINITE_RECURSION = YES;
				CLANG_WARN_INT_CONVERSION = YES;
				CLANG_WARN_OBJC_ROOT_CLASS = YES_ERROR;
				CLANG_WARN_SUSPICIOUS_MOVE = YES;
				CLANG_WARN_SUSPICIOUS_MOVES = YES;
				CLANG_WARN_UNREACHABLE_CODE = YES;
				CLANG_WARN__DUPLICATE_METHOD_MATCH = YES;
				"CODE_SIGN_IDENTITY[sdk=iphoneos*]" = "iPhone Developer";
				COPY_PHASE_STRIP = NO;
				DEBUG_INFORMATION_FORMAT = dwarf;
				ENABLE_STRICT_OBJC_MSGSEND = YES;
				ENABLE_TESTABILITY = YES;
				GCC_C_LANGUAGE_STANDARD = gnu99;
				GCC_DYNAMIC_NO_PIC = NO;
				GCC_NO_COMMON_BLOCKS = YES;
				GCC_OPTIMIZATION_LEVEL = 0;
				GCC_PREPROCESSOR_DEFINITIONS = (
					"DEBUG=1",
					"$(inherited)",
				);
				GCC_WARN_64_TO_32_BIT_CONVERSION = YES;
				GCC_WARN_ABOUT_RETURN_TYPE = YES_ERROR;
				GCC_WARN_UNDECLARED_SELECTOR = YES;
				GCC_WARN_UNINITIALIZED_AUTOS = YES_AGGRESSIVE;
				GCC_WARN_UNUSED_FUNCTION = YES;
				GCC_WARN_UNUSED_VARIABLE = YES;
				IPHONEOS_DEPLOYMENT_TARGET = 8.0;
				MTL_ENABLE_DEBUG_INFO = YES;
				ONLY_ACTIVE_ARCH = YES;
				SDKROOT = iphoneos;
				SWIFT_ACTIVE_COMPILATION_CONDITIONS = DEBUG;
				SWIFT_OPTIMIZATION_LEVEL = "-Onone";
			};
			name = Debug;
		};
		B120E24B1DA9E72800921288 /* Release */ = {
			isa = XCBuildConfiguration;
			buildSettings = {
				ALWAYS_SEARCH_USER_PATHS = NO;
				CLANG_ANALYZER_NONNULL = YES;
				CLANG_CXX_LANGUAGE_STANDARD = "gnu++0x";
				CLANG_CXX_LIBRARY = "libc++";
				CLANG_ENABLE_MODULES = YES;
				CLANG_ENABLE_OBJC_ARC = YES;
				CLANG_WARN_BOOL_CONVERSION = YES;
				CLANG_WARN_CONSTANT_CONVERSION = YES;
				CLANG_WARN_DIRECT_OBJC_ISA_USAGE = YES_ERROR;
				CLANG_WARN_DOCUMENTATION_COMMENTS = YES;
				CLANG_WARN_EMPTY_BODY = YES;
				CLANG_WARN_ENUM_CONVERSION = YES;
				CLANG_WARN_INFINITE_RECURSION = YES;
				CLANG_WARN_INT_CONVERSION = YES;
				CLANG_WARN_OBJC_ROOT_CLASS = YES_ERROR;
				CLANG_WARN_SUSPICIOUS_MOVE = YES;
				CLANG_WARN_SUSPICIOUS_MOVES = YES;
				CLANG_WARN_UNREACHABLE_CODE = YES;
				CLANG_WARN__DUPLICATE_METHOD_MATCH = YES;
				"CODE_SIGN_IDENTITY[sdk=iphoneos*]" = "iPhone Developer";
				COPY_PHASE_STRIP = NO;
				DEBUG_INFORMATION_FORMAT = "dwarf-with-dsym";
				ENABLE_NS_ASSERTIONS = NO;
				ENABLE_STRICT_OBJC_MSGSEND = YES;
				GCC_C_LANGUAGE_STANDARD = gnu99;
				GCC_NO_COMMON_BLOCKS = YES;
				GCC_WARN_64_TO_32_BIT_CONVERSION = YES;
				GCC_WARN_ABOUT_RETURN_TYPE = YES_ERROR;
				GCC_WARN_UNDECLARED_SELECTOR = YES;
				GCC_WARN_UNINITIALIZED_AUTOS = YES_AGGRESSIVE;
				GCC_WARN_UNUSED_FUNCTION = YES;
				GCC_WARN_UNUSED_VARIABLE = YES;
				IPHONEOS_DEPLOYMENT_TARGET = 8.0;
				MTL_ENABLE_DEBUG_INFO = NO;
				SDKROOT = iphoneos;
				SWIFT_OPTIMIZATION_LEVEL = "-Owholemodule";
				VALIDATE_PRODUCT = YES;
			};
			name = Release;
		};
		B120E24D1DA9E72800921288 /* Debug */ = {
			isa = XCBuildConfiguration;
			baseConfigurationReference = 2C2F100D7D946D83648A620C /* Pods-小说搜索阅读.debug.xcconfig */;
			buildSettings = {
				ALWAYS_EMBED_SWIFT_STANDARD_LIBRARIES = YES;
				ASSETCATALOG_COMPILER_APPICON_NAME = AppIcon;
				ASSETCATALOG_COMPILER_LAUNCHIMAGE_NAME = LaunchImage;
				DEVELOPMENT_TEAM = Z532NADQBJ;
				INFOPLIST_FILE = "小说搜索阅读/Info.plist";
				IPHONEOS_DEPLOYMENT_TARGET = 8.0;
				LD_RUNPATH_SEARCH_PATHS = "$(inherited) @executable_path/Frameworks";
				PRODUCT_BUNDLE_IDENTIFIER = "com.ruobin.testapp.------";
				PRODUCT_NAME = "$(TARGET_NAME)";
				SWIFT_VERSION = 3.0;
			};
			name = Debug;
		};
		B120E24E1DA9E72800921288 /* Release */ = {
			isa = XCBuildConfiguration;
			baseConfigurationReference = 2372C43A19F5E340E0D49F6C /* Pods-小说搜索阅读.release.xcconfig */;
			buildSettings = {
				ALWAYS_EMBED_SWIFT_STANDARD_LIBRARIES = YES;
				ASSETCATALOG_COMPILER_APPICON_NAME = AppIcon;
				ASSETCATALOG_COMPILER_LAUNCHIMAGE_NAME = LaunchImage;
				DEVELOPMENT_TEAM = Z532NADQBJ;
				INFOPLIST_FILE = "小说搜索阅读/Info.plist";
				IPHONEOS_DEPLOYMENT_TARGET = 8.0;
				LD_RUNPATH_SEARCH_PATHS = "$(inherited) @executable_path/Frameworks";
				PRODUCT_BUNDLE_IDENTIFIER = "com.ruobin.testapp.------";
				PRODUCT_NAME = "$(TARGET_NAME)";
				SWIFT_VERSION = 3.0;
			};
			name = Release;
		};
/* End XCBuildConfiguration section */

/* Begin XCConfigurationList section */
		B120E21F1DA9E72800921288 /* Build configuration list for PBXProject "小说搜索阅读" */ = {
			isa = XCConfigurationList;
			buildConfigurations = (
				B120E24A1DA9E72800921288 /* Debug */,
				B120E24B1DA9E72800921288 /* Release */,
			);
			defaultConfigurationIsVisible = 0;
			defaultConfigurationName = Release;
		};
		B120E24C1DA9E72800921288 /* Build configuration list for PBXNativeTarget "小说搜索阅读" */ = {
			isa = XCConfigurationList;
			buildConfigurations = (
				B120E24D1DA9E72800921288 /* Debug */,
				B120E24E1DA9E72800921288 /* Release */,
			);
			defaultConfigurationIsVisible = 0;
			defaultConfigurationName = Release;
		};
/* End XCConfigurationList section */
	};
	rootObject = B120E21C1DA9E72800921288 /* Project object */;
}
